
Microsoft Visual Studio Solution File, Format Version 12.00
# Visual Studio Version 16
VisualStudioVersion = 16.0.31613.86
MinimumVisualStudioVersion = 10.0.40219.1
Project("{FAE04EC0-301F-11D3-BF4B-00C04F79EFBC}") = "Eschool", "Eschool\Eschool.csproj", "{A8E41680-6407-4904-8FCE-8F42A40B9D44}"
EndProject
Global
	GlobalSection(SolutionConfigurationPlatforms) = preSolution
		Debug|Any CPU = Debug|Any CPU
		Release|Any CPU = Release|Any CPU
	EndGlobalSection
	GlobalSection(ProjectConfigurationPlatforms) = postSolution
		{A8E41680-6407-4904-8FCE-8F42A40B9D44}.Debug|Any CPU.ActiveCfg = Debug|Any CPU
		{A8E41680-6407-4904-8FCE-8F42A40B9D44}.Debug|Any CPU.Build.0 = Debug|Any CPU
		{A8E41680-6407-4904-8FCE-8F42A40B9D44}.Release|Any CPU.ActiveCfg = Release|Any CPU
		{A8E41680-6407-4904-8FCE-8F42A40B9D44}.Release|Any CPU.Build.0 = Release|Any CPU
	EndGlobalSection
	GlobalSection(SolutionProperties) = preSolution
		HideSolutionNode = FALSE
	EndGlobalSection
	GlobalSection(ExtensibilityGlobals) = postSolution
		SolutionGuid = {8874A6ED-99CD-46CF-B6A6-1833B1828541}
	EndGlobalSection
EndGlobal
